
Microsoft Visual Studio Solution File, Format Version 12.00
Project("{FAE04EC0-301F-11D3-BF4B-00C04F79EFBC}") = "DockerSettings", "DockerSettings\DockerSettings.csproj", "{FA1A3561-049A-42CF-81A2-6D2634487142}"
EndProject
Global
	GlobalSection(SolutionConfigurationPlatforms) = preSolution
		Debug|Any CPU = Debug|Any CPU
		Release|Any CPU = Release|Any CPU
	EndGlobalSection
	GlobalSection(ProjectConfigurationPlatforms) = postSolution
		{FA1A3561-049A-42CF-81A2-6D2634487142}.Debug|Any CPU.ActiveCfg = Debug|Any CPU
		{FA1A3561-049A-42CF-81A2-6D2634487142}.Debug|Any CPU.Build.0 = Debug|Any CPU
		{FA1A3561-049A-42CF-81A2-6D2634487142}.Release|Any CPU.ActiveCfg = Release|Any CPU
		{FA1A3561-049A-42CF-81A2-6D2634487142}.Release|Any CPU.Build.0 = Release|Any CPU
	EndGlobalSection
EndGlobal
